# Auto-generated by scripts/lock-versions.sh on 2026-06-09 12:15:05 CST
# Source: docker compose config --images (with current .env)
# To restore these versions, copy desired IMAGE:TAG values into .env

bitnami/kafka:3.7
gitlab/gitlab-runner:v16.11.0
postgis/postgis:16-3.4
provectuslabs/kafka-ui:0.7.2
swaggerapi/swagger-editor:v4.12.0
swaggerapi/swagger-ui:v5.17.14
yedf/dtm:v1.18.0
