# Auto-generated by scripts/lock-versions.sh on 2026-08-17 11:35:20 CST
# Records all profile-resolved image references and build arguments.
# Tags are mutable; use image digests for a fully immutable CI lock.

[images]
dtm=yedf/dtm:1.18.0
gitlab-runner=gitlab/gitlab-runner:v16.11.0
kafka=apache/kafka:3.8.0
kafka-ui=provectuslabs/kafka-ui:v0.7.2
postgres-postgis=postgis/postgis:16-3.4
swagger-editor=swaggerapi/swagger-editor:v4.12.0
swagger-ui=swaggerapi/swagger-ui:v5.17.14

[build-args]
elasticsearch.ELK_VERSION=8.13.4
etcd.ETCD_VERSION=v3.5.14
etcd-manager.ETCD_MANAGER_VERSION=v0.7.6
gitlab.GITLAB_VERSION=16.11.0-ce.0
grafana.GRAFANA_VERSION=10.4.4
jaeger.JAEGER_VERSION=1.57
kibana.ELK_VERSION=8.13.4
logstash.ELK_VERSION=8.13.4
minio.MINIO_VERSION=RELEASE.2024-06-01T03-03-47Z
mongo.MONGO_VERSION=5.0.16-focal
mysql.MYSQL_VERSION=8.2.0
portainer.PORTAINER_VERSION=2.20.3
postgres.POSTGRES_VERSION=16.3-alpine
prometheus.PROMETHEUS_VERSION=v2.54.0
rabbitmq.RABBITMQ_VERSION=3.13.3-management-alpine
redis.REDIS_VERSION=7.4.2
workspace.HTTPS_PROXY=
workspace.HTTP_PROXY=
workspace.MISE_VERSION=v2026.6.1
workspace.NO_PROXY=localhost,127.0.0.1,::1,.local,10.0.0.0/8,172.16.0.0/12,192.168.0.0/16
workspace.PGID=1000
workspace.PUID=1000
workspace.SYSTEM_NAME=debian
workspace.SYSTEM_VERSION=bookworm
workspace.TZ=Asia/Shanghai
workspace.WORKSPACE_BREW_PACKAGES=jq yq ripgrep fzf tree tmux fd neovim
workspace.WORKSPACE_HOME=/home/developer
workspace.WORKSPACE_INSTALL_BREW=true
workspace.WORKSPACE_INSTALL_DNSUTILS=true
workspace.WORKSPACE_INSTALL_WORKSPACE_SSH=true
workspace.WORKSPACE_PATH=/workspace
workspace.WORKSPACE_PREINSTALL_LANGUAGES=
workspace.WORKSPACE_USER=developer
